{
  "requires": true,
  "lockfileVersion": 1,
  "dependencies": {
    "@babel/runtime": {
      "version": "7.3.1",
      "resolved": "https://registry.npmjs.org/@babel/runtime/-/runtime-7.3.1.tgz",
      "integrity": "sha512-7jGW8ppV0ant637pIqAcFfQDDH1orEPGJb8aXfUozuCU3QqX7rX4DA8iwrbPrR1hcH0FTTHz47yQnk+bl5xHQA==",
      "requires": {
        "regenerator-runtime": "^0.12.0"
      }
    },
    "@deck.gl/core": {
      "version": "6.4.0",
      "resolved": "https://registry.npmjs.org/@deck.gl/core/-/core-6.4.0.tgz",
      "integrity": "sha512-2UlJCQFJ0GUMvXkUhMkghTs8sNlNBQNBFwlCPMUH8e/FJQa4xNS8+zVc7iPtVUqAKSgyGs/sk3G7sUAdeXPk5w==",
      "requires": {
        "gl-matrix": "^3.0.0",
        "luma.gl": "^6.4.0",
        "math.gl": "^2.3.0",
        "mjolnir.js": "^2.0.3",
        "probe.gl": "^2.0.1",
        "seer": "^0.2.4",
        "viewport-mercator-project": "^6.1.0"
      }
    },
    "@deck.gl/layers": {
      "version": "6.4.1",
      "resolved": "https://registry.npmjs.org/@deck.gl/layers/-/layers-6.4.1.tgz",
      "integrity": "sha512-h+XE3SkMsWzzc6z8Pqb2umIKfcO2mkGHzroUBsGLhWVq03ezPasm2FZbmTGd2PfQczpl/kf8v5TMtBFrjVcigA==",
      "requires": {
        "@deck.gl/core": "^6.4.0",
        "@mapbox/tiny-sdf": "^1.1.0",
        "d3-hexbin": "^0.2.1",
        "earcut": "^2.0.6"
      }
    },
    "@deck.gl/react": {
      "version": "6.4.0",
      "resolved": "https://registry.npmjs.org/@deck.gl/react/-/react-6.4.0.tgz",
      "integrity": "sha512-MSREKdC+820y3l9xn7g/d06xFgFrIsWhd0O2bXNWdUcgFGK5TLW/vpd/PKEiHI+/K2vNedoSFORCS0VStCYPkA==",
      "requires": {
        "@deck.gl/core": "^6.4.0",
        "prop-types": "^15.6.0"
      }
    },
    "@mapbox/tiny-sdf": {
      "version": "1.1.0",
      "resolved": "https://registry.npmjs.org/@mapbox/tiny-sdf/-/tiny-sdf-1.1.0.tgz",
      "integrity": "sha512-dnhyk8X2BkDRWImgHILYAGgo+kuciNYX30CUKj/Qd5eNjh54OWM/mdOS/PWsPeN+3abtN+QDGYM4G220ynVJKA=="
    },
    "d3-hexbin": {
      "version": "0.2.2",
      "resolved": "https://registry.npmjs.org/d3-hexbin/-/d3-hexbin-0.2.2.tgz",
      "integrity": "sha1-nFg32s/UcasFM3qeke8Qv8T5iDE="
    },
    "deck.gl": {
      "version": "6.4.1",
      "resolved": "https://registry.npmjs.org/deck.gl/-/deck.gl-6.4.1.tgz",
      "integrity": "sha512-oX70Isp2EC/kWABNIB4Okf32xpQuhLT8l5bAINxy5vImtVxu51AafNwepyXtPPtHDFiLVBEaswYGC0z7WdUTmg==",
      "requires": {
        "@deck.gl/core": "^6.4.0",
        "@deck.gl/layers": "^6.4.1",
        "@deck.gl/react": "^6.4.0"
      }
    },
    "earcut": {
      "version": "2.1.5",
      "resolved": "https://registry.npmjs.org/earcut/-/earcut-2.1.5.tgz",
      "integrity": "sha512-QFWC7ywTVLtvRAJTVp8ugsuuGQ5mVqNmJ1cRYeLrSHgP3nycr2RHTJob9OtM0v8ujuoKN0NY1a93J/omeTL1PA=="
    },
    "gl-matrix": {
      "version": "3.0.0",
      "resolved": "https://registry.npmjs.org/gl-matrix/-/gl-matrix-3.0.0.tgz",
      "integrity": "sha512-PD4mVH/C/Zs64kOozeFnKY8ybhgwxXXQYGWdB4h68krAHknWJgk9uKOn6z8YElh5//vs++90pb6csrTIDWnexA=="
    },
    "hammerjs": {
      "version": "2.0.8",
      "resolved": "https://registry.npmjs.org/hammerjs/-/hammerjs-2.0.8.tgz",
      "integrity": "sha1-BO93hiz/K7edMPdpIJWTAiK/YPE="
    },
    "js-tokens": {
      "version": "4.0.0",
      "resolved": "https://registry.npmjs.org/js-tokens/-/js-tokens-4.0.0.tgz",
      "integrity": "sha512-RdJUflcE3cUzKiMqQgsCu06FPu9UdIJO0beYbPhHN4k6apgJtifcoCtT9bcxOpYBtpD2kCM6Sbzg4CausW/PKQ=="
    },
    "loose-envify": {
      "version": "1.4.0",
      "resolved": "https://registry.npmjs.org/loose-envify/-/loose-envify-1.4.0.tgz",
      "integrity": "sha512-lyuxPGr/Wfhrlem2CL/UcnUc1zcqKAImBDzukY7Y5F/yQiNdko6+fRLevlw1HgMySw7f611UIY408EtxRSoK3Q==",
      "requires": {
        "js-tokens": "^3.0.0 || ^4.0.0"
      }
    },
    "luma.gl": {
      "version": "6.4.1",
      "resolved": "https://registry.npmjs.org/luma.gl/-/luma.gl-6.4.1.tgz",
      "integrity": "sha512-bWKbnV0StHqYhcOpqDT1FgUnV+20veJK3A41xJO3yzjBtrnnY/1Pn1g4oNUTH0OzztCo8mtdA1sY0o+p4+TVQA==",
      "requires": {
        "@babel/runtime": "^7.0.0",
        "math.gl": "^2.3.0",
        "probe.gl": "^2.0.1",
        "seer": "^0.2.4",
        "webgl-debug": "^2.0.0"
      }
    },
    "math.gl": {
      "version": "2.3.0",
      "resolved": "https://registry.npmjs.org/math.gl/-/math.gl-2.3.0.tgz",
      "integrity": "sha512-6a2II4xlYg4k0Z9KLh0u9LzVjb/17/viobJlyI1GzzK2COF3SF28VlYH0I4O8MduObZjlJR+E7Y9OM7d8VuZlw==",
      "requires": {
        "@babel/runtime": "^7.0.0",
        "gl-matrix": "^3.0.0"
      }
    },
    "mjolnir.js": {
      "version": "2.0.3",
      "resolved": "https://registry.npmjs.org/mjolnir.js/-/mjolnir.js-2.0.3.tgz",
      "integrity": "sha512-3AvoMwJCR3m9QQYzsE+D+LWZ9N2uWbl7prixSJGRZNOpaagRgiXJeVvDEHTiXAGmNhdn/VAtgWrx3lpdrj2sIQ==",
      "requires": {
        "@babel/runtime": "^7.0.0",
        "hammerjs": "^2.0.8"
      }
    },
    "object-assign": {
      "version": "4.1.1",
      "resolved": "https://registry.npmjs.org/object-assign/-/object-assign-4.1.1.tgz",
      "integrity": "sha1-IQmtx5ZYh8/AXLvUQsrIv7s2CGM="
    },
    "probe.gl": {
      "version": "2.1.0",
      "resolved": "https://registry.npmjs.org/probe.gl/-/probe.gl-2.1.0.tgz",
      "integrity": "sha512-15qr6m/UxJoSatwhDBUnvdPPNfM8j4tHzr7PuXHMVK/sZvc/f4Lo6/4rgHz5iBF5mXRsOtsOGFDsqzAyBQCk+g==",
      "requires": {
        "@babel/runtime": "^7.0.0"
      }
    },
    "prop-types": {
      "version": "15.7.2",
      "resolved": "https://registry.npmjs.org/prop-types/-/prop-types-15.7.2.tgz",
      "integrity": "sha512-8QQikdH7//R2vurIJSutZ1smHYTcLpRWEOlHnzcWHmBYrOGUysKwSsrC89BCiFj3CbrfJ/nXFdJepOVrY1GCHQ==",
      "requires": {
        "loose-envify": "^1.4.0",
        "object-assign": "^4.1.1",
        "react-is": "^16.8.1"
      }
    },
    "react-is": {
      "version": "16.8.1",
      "resolved": "https://registry.npmjs.org/react-is/-/react-is-16.8.1.tgz",
      "integrity": "sha512-ioMCzVDWvCvKD8eeT+iukyWrBGrA3DiFYkXfBsVYIRdaREZuBjENG+KjrikavCLasozqRWTwFUagU/O4vPpRMA=="
    },
    "regenerator-runtime": {
      "version": "0.12.1",
      "resolved": "https://registry.npmjs.org/regenerator-runtime/-/regenerator-runtime-0.12.1.tgz",
      "integrity": "sha512-odxIc1/vDlo4iZcfXqRYFj0vpXFNoGdKMAUieAlFYO6m/nl5e9KR/beGf41z4a1FI+aQgtjhuaSlDxQ0hmkrHg=="
    },
    "seer": {
      "version": "0.2.4",
      "resolved": "https://registry.npmjs.org/seer/-/seer-0.2.4.tgz",
      "integrity": "sha512-d+X19YtDXXK3giW0xYO7DTzLfSqsFoq9gFr0j1g3SqyX63uhbQnZ/UZIJ1Xcr24I3e4JLKqg85q8bbpAOkKNGw=="
    },
    "viewport-mercator-project": {
      "version": "6.1.1",
      "resolved": "https://registry.npmjs.org/viewport-mercator-project/-/viewport-mercator-project-6.1.1.tgz",
      "integrity": "sha512-nI0GEmXnESwZxWSJuaQkdCnvOv6yckUfqqFbNB8KWVbQY3eUExVM4ZziqCVVs5mNznLjDF1auj6HLW5D5DKcng==",
      "requires": {
        "@babel/runtime": "^7.0.0",
        "gl-matrix": "^3.0.0"
      }
    },
    "webgl-debug": {
      "version": "2.0.1",
      "resolved": "https://registry.npmjs.org/webgl-debug/-/webgl-debug-2.0.1.tgz",
      "integrity": "sha512-G7BOpMmqdc31X1nb3eqwVxw/v1MNV/ulgw7Bs+7+a/sn+fC0d0OiMkerA55C6+3BL2vULyJ3kZLPcEL5GbXzhw=="
    }
  }
}
